dependencies:
- name: common
  repository: file://../../common
  version: 0.1.0
- name: catalog
  repository: file://../../components/catalog
  version: 0.1.0
- name: gateway
  repository: file://../../components/gateway
  version: 0.1.0
- name: inventory
  repository: file://../../components/inventory
  version: 0.1.0
- name: postgres
  repository: file://../../components/postgres
  version: 0.1.0
- name: price
  repository: file://../../components/price
  version: 0.1.0
- name: rabbitmq
  repository: file://../../components/rabbitmq
  version: 0.1.0
- name: auth
  repository: file://../../components/auth
  version: 0.1.0
digest: sha256:8ef1037e2445d516d7ce1889a5dbee5f80f3ed8905991a58125e9eeb71f5ae03
generated: "2024-09-27T13:57:14.827684985-03:00"
